
Microsoft Visual Studio Solution File, Format Version 12.00
# Visual Studio Version 16
VisualStudioVersion = 16.0.30204.135
MinimumVisualStudioVersion = 10.0.40219.1
Project("{FAE04EC0-301F-11D3-BF4B-00C04F79EFBC}") = "UbuconQuiz", "UbuconQuiz\UbuconQuiz.csproj", "{8DA24E5C-B299-40B6-B7B2-6963D96C6766}"
EndProject
Project("{FAE04EC0-301F-11D3-BF4B-00C04F79EFBC}") = "UbuconQuizTests", "UbuconQuizTests\UbuconQuizTests.csproj", "{B42564F2-6346-4FB6-B9A7-04DE3BA95D31}"
EndProject
Project("{FAE04EC0-301F-11D3-BF4B-00C04F79EFBC}") = "Hyena", "hyena\Hyena\Hyena.csproj", "{95374549-9553-4C1E-9D89-667755F90E12}"
EndProject
Project("{FAE04EC0-301F-11D3-BF4B-00C04F79EFBC}") = "Hyena.Data.Sqlite", "hyena\Hyena.Data.Sqlite\Hyena.Data.Sqlite.csproj", "{95374549-9553-4C1E-9D89-667755F90E13}"
EndProject
Project("{FAE04EC0-301F-11D3-BF4B-00C04F79EFBC}") = "Hyena.Gui", "hyena\Hyena.Gui\Hyena.Gui.csproj", "{C856EFD8-E812-4E61-8B76-E3583D94C233}"
EndProject
Project("{FAE04EC0-301F-11D3-BF4B-00C04F79EFBC}") = "HidSharp", "HidSharp\HidSharp.csproj", "{0DB86674-2A7B-4BDC-93C1-3F7DC771426C}"
EndProject
Global
	GlobalSection(SolutionConfigurationPlatforms) = preSolution
		Debug|Any CPU = Debug|Any CPU
		Debug|x86 = Debug|x86
		Release|Any CPU = Release|Any CPU
		Release|x86 = Release|x86
		Submodule|Any CPU = Submodule|Any CPU
		Submodule|x86 = Submodule|x86
		SubmoduleWindows|Any CPU = SubmoduleWindows|Any CPU
		SubmoduleWindows|x86 = SubmoduleWindows|x86
		Tests|Any CPU = Tests|Any CPU
		Tests|x86 = Tests|x86
	EndGlobalSection
	GlobalSection(ProjectConfigurationPlatforms) = postSolution
		{8DA24E5C-B299-40B6-B7B2-6963D96C6766}.Debug|Any CPU.ActiveCfg = Debug|Any CPU
		{8DA24E5C-B299-40B6-B7B2-6963D96C6766}.Debug|Any CPU.Build.0 = Debug|Any CPU
		{8DA24E5C-B299-40B6-B7B2-6963D96C6766}.Debug|x86.ActiveCfg = Debug|x86
		{8DA24E5C-B299-40B6-B7B2-6963D96C6766}.Debug|x86.Build.0 = Debug|x86
		{8DA24E5C-B299-40B6-B7B2-6963D96C6766}.Release|Any CPU.ActiveCfg = Release|Any CPU
		{8DA24E5C-B299-40B6-B7B2-6963D96C6766}.Release|Any CPU.Build.0 = Release|Any CPU
		{8DA24E5C-B299-40B6-B7B2-6963D96C6766}.Release|x86.ActiveCfg = Release|x86
		{8DA24E5C-B299-40B6-B7B2-6963D96C6766}.Release|x86.Build.0 = Release|x86
		{8DA24E5C-B299-40B6-B7B2-6963D96C6766}.Submodule|Any CPU.ActiveCfg = Release|Any CPU
		{8DA24E5C-B299-40B6-B7B2-6963D96C6766}.Submodule|Any CPU.Build.0 = Release|Any CPU
		{8DA24E5C-B299-40B6-B7B2-6963D96C6766}.Submodule|x86.ActiveCfg = Tests|x86
		{8DA24E5C-B299-40B6-B7B2-6963D96C6766}.Submodule|x86.Build.0 = Tests|x86
		{8DA24E5C-B299-40B6-B7B2-6963D96C6766}.SubmoduleWindows|Any CPU.ActiveCfg = Release|Any CPU
		{8DA24E5C-B299-40B6-B7B2-6963D96C6766}.SubmoduleWindows|Any CPU.Build.0 = Release|Any CPU
		{8DA24E5C-B299-40B6-B7B2-6963D96C6766}.SubmoduleWindows|x86.ActiveCfg = Tests|x86
		{8DA24E5C-B299-40B6-B7B2-6963D96C6766}.SubmoduleWindows|x86.Build.0 = Tests|x86
		{8DA24E5C-B299-40B6-B7B2-6963D96C6766}.Tests|Any CPU.ActiveCfg = Tests|Any CPU
		{8DA24E5C-B299-40B6-B7B2-6963D96C6766}.Tests|Any CPU.Build.0 = Tests|Any CPU
		{8DA24E5C-B299-40B6-B7B2-6963D96C6766}.Tests|x86.ActiveCfg = Tests|x86
		{8DA24E5C-B299-40B6-B7B2-6963D96C6766}.Tests|x86.Build.0 = Tests|x86
		{B42564F2-6346-4FB6-B9A7-04DE3BA95D31}.Debug|Any CPU.ActiveCfg = Debug|Any CPU
		{B42564F2-6346-4FB6-B9A7-04DE3BA95D31}.Debug|Any CPU.Build.0 = Debug|Any CPU
		{B42564F2-6346-4FB6-B9A7-04DE3BA95D31}.Debug|x86.ActiveCfg = Debug|Any CPU
		{B42564F2-6346-4FB6-B9A7-04DE3BA95D31}.Debug|x86.Build.0 = Debug|Any CPU
		{B42564F2-6346-4FB6-B9A7-04DE3BA95D31}.Release|Any CPU.ActiveCfg = Release|Any CPU
		{B42564F2-6346-4FB6-B9A7-04DE3BA95D31}.Release|Any CPU.Build.0 = Release|Any CPU
		{B42564F2-6346-4FB6-B9A7-04DE3BA95D31}.Release|x86.ActiveCfg = Release|Any CPU
		{B42564F2-6346-4FB6-B9A7-04DE3BA95D31}.Release|x86.Build.0 = Release|Any CPU
		{B42564F2-6346-4FB6-B9A7-04DE3BA95D31}.Submodule|Any CPU.ActiveCfg = Tests|Any CPU
		{B42564F2-6346-4FB6-B9A7-04DE3BA95D31}.Submodule|Any CPU.Build.0 = Tests|Any CPU
		{B42564F2-6346-4FB6-B9A7-04DE3BA95D31}.Submodule|x86.ActiveCfg = Tests|Any CPU
		{B42564F2-6346-4FB6-B9A7-04DE3BA95D31}.Submodule|x86.Build.0 = Tests|Any CPU
		{B42564F2-6346-4FB6-B9A7-04DE3BA95D31}.SubmoduleWindows|Any CPU.ActiveCfg = Tests|Any CPU
		{B42564F2-6346-4FB6-B9A7-04DE3BA95D31}.SubmoduleWindows|Any CPU.Build.0 = Tests|Any CPU
		{B42564F2-6346-4FB6-B9A7-04DE3BA95D31}.SubmoduleWindows|x86.ActiveCfg = Tests|Any CPU
		{B42564F2-6346-4FB6-B9A7-04DE3BA95D31}.SubmoduleWindows|x86.Build.0 = Tests|Any CPU
		{B42564F2-6346-4FB6-B9A7-04DE3BA95D31}.Tests|Any CPU.ActiveCfg = Tests|Any CPU
		{B42564F2-6346-4FB6-B9A7-04DE3BA95D31}.Tests|Any CPU.Build.0 = Tests|Any CPU
		{B42564F2-6346-4FB6-B9A7-04DE3BA95D31}.Tests|x86.ActiveCfg = Tests|Any CPU
		{B42564F2-6346-4FB6-B9A7-04DE3BA95D31}.Tests|x86.Build.0 = Tests|Any CPU
		{95374549-9553-4C1E-9D89-667755F90E12}.Debug|Any CPU.ActiveCfg = Debug|Any CPU
		{95374549-9553-4C1E-9D89-667755F90E12}.Debug|Any CPU.Build.0 = Debug|Any CPU
		{95374549-9553-4C1E-9D89-667755F90E12}.Debug|x86.ActiveCfg = Debug|Any CPU
		{95374549-9553-4C1E-9D89-667755F90E12}.Debug|x86.Build.0 = Debug|Any CPU
		{95374549-9553-4C1E-9D89-667755F90E12}.Release|Any CPU.ActiveCfg = SubmoduleWindows|Any CPU
		{95374549-9553-4C1E-9D89-667755F90E12}.Release|Any CPU.Build.0 = SubmoduleWindows|Any CPU
		{95374549-9553-4C1E-9D89-667755F90E12}.Release|x86.ActiveCfg = Debug|Any CPU
		{95374549-9553-4C1E-9D89-667755F90E12}.Release|x86.Build.0 = Debug|Any CPU
		{95374549-9553-4C1E-9D89-667755F90E12}.Submodule|Any CPU.ActiveCfg = Submodule|Any CPU
		{95374549-9553-4C1E-9D89-667755F90E12}.Submodule|Any CPU.Build.0 = Submodule|Any CPU
		{95374549-9553-4C1E-9D89-667755F90E12}.Submodule|x86.ActiveCfg = Submodule|Any CPU
		{95374549-9553-4C1E-9D89-667755F90E12}.Submodule|x86.Build.0 = Submodule|Any CPU
		{95374549-9553-4C1E-9D89-667755F90E12}.SubmoduleWindows|Any CPU.ActiveCfg = SubmoduleWindows|Any CPU
		{95374549-9553-4C1E-9D89-667755F90E12}.SubmoduleWindows|Any CPU.Build.0 = SubmoduleWindows|Any CPU
		{95374549-9553-4C1E-9D89-667755F90E12}.SubmoduleWindows|x86.ActiveCfg = SubmoduleWindows|Any CPU
		{95374549-9553-4C1E-9D89-667755F90E12}.SubmoduleWindows|x86.Build.0 = SubmoduleWindows|Any CPU
		{95374549-9553-4C1E-9D89-667755F90E12}.Tests|Any CPU.ActiveCfg = Debug|Any CPU
		{95374549-9553-4C1E-9D89-667755F90E12}.Tests|Any CPU.Build.0 = Debug|Any CPU
		{95374549-9553-4C1E-9D89-667755F90E12}.Tests|x86.ActiveCfg = SubmoduleWindows|Any CPU
		{95374549-9553-4C1E-9D89-667755F90E12}.Tests|x86.Build.0 = SubmoduleWindows|Any CPU
		{95374549-9553-4C1E-9D89-667755F90E13}.Debug|Any CPU.ActiveCfg = Debug|Any CPU
		{95374549-9553-4C1E-9D89-667755F90E13}.Debug|Any CPU.Build.0 = Debug|Any CPU
		{95374549-9553-4C1E-9D89-667755F90E13}.Debug|x86.ActiveCfg = Debug|Any CPU
		{95374549-9553-4C1E-9D89-667755F90E13}.Debug|x86.Build.0 = Debug|Any CPU
		{95374549-9553-4C1E-9D89-667755F90E13}.Release|Any CPU.ActiveCfg = SubmoduleWindows|Any CPU
		{95374549-9553-4C1E-9D89-667755F90E13}.Release|Any CPU.Build.0 = SubmoduleWindows|Any CPU
		{95374549-9553-4C1E-9D89-667755F90E13}.Release|x86.ActiveCfg = Debug|Any CPU
		{95374549-9553-4C1E-9D89-667755F90E13}.Release|x86.Build.0 = Debug|Any CPU
		{95374549-9553-4C1E-9D89-667755F90E13}.Submodule|Any CPU.ActiveCfg = Submodule|Any CPU
		{95374549-9553-4C1E-9D89-667755F90E13}.Submodule|Any CPU.Build.0 = Submodule|Any CPU
		{95374549-9553-4C1E-9D89-667755F90E13}.Submodule|x86.ActiveCfg = Submodule|Any CPU
		{95374549-9553-4C1E-9D89-667755F90E13}.Submodule|x86.Build.0 = Submodule|Any CPU
		{95374549-9553-4C1E-9D89-667755F90E13}.SubmoduleWindows|Any CPU.ActiveCfg = SubmoduleWindows|Any CPU
		{95374549-9553-4C1E-9D89-667755F90E13}.SubmoduleWindows|Any CPU.Build.0 = SubmoduleWindows|Any CPU
		{95374549-9553-4C1E-9D89-667755F90E13}.SubmoduleWindows|x86.ActiveCfg = SubmoduleWindows|Any CPU
		{95374549-9553-4C1E-9D89-667755F90E13}.SubmoduleWindows|x86.Build.0 = SubmoduleWindows|Any CPU
		{95374549-9553-4C1E-9D89-667755F90E13}.Tests|Any CPU.ActiveCfg = Debug|Any CPU
		{95374549-9553-4C1E-9D89-667755F90E13}.Tests|Any CPU.Build.0 = Debug|Any CPU
		{95374549-9553-4C1E-9D89-667755F90E13}.Tests|x86.ActiveCfg = SubmoduleWindows|Any CPU
		{95374549-9553-4C1E-9D89-667755F90E13}.Tests|x86.Build.0 = SubmoduleWindows|Any CPU
		{C856EFD8-E812-4E61-8B76-E3583D94C233}.Debug|Any CPU.ActiveCfg = Debug|Any CPU
		{C856EFD8-E812-4E61-8B76-E3583D94C233}.Debug|Any CPU.Build.0 = Debug|Any CPU
		{C856EFD8-E812-4E61-8B76-E3583D94C233}.Debug|x86.ActiveCfg = Debug|Any CPU
		{C856EFD8-E812-4E61-8B76-E3583D94C233}.Debug|x86.Build.0 = Debug|Any CPU
		{C856EFD8-E812-4E61-8B76-E3583D94C233}.Release|Any CPU.ActiveCfg = SubmoduleWindows|Any CPU
		{C856EFD8-E812-4E61-8B76-E3583D94C233}.Release|Any CPU.Build.0 = SubmoduleWindows|Any CPU
		{C856EFD8-E812-4E61-8B76-E3583D94C233}.Release|x86.ActiveCfg = Debug|Any CPU
		{C856EFD8-E812-4E61-8B76-E3583D94C233}.Release|x86.Build.0 = Debug|Any CPU
		{C856EFD8-E812-4E61-8B76-E3583D94C233}.Submodule|Any CPU.ActiveCfg = Submodule|Any CPU
		{C856EFD8-E812-4E61-8B76-E3583D94C233}.Submodule|Any CPU.Build.0 = Submodule|Any CPU
		{C856EFD8-E812-4E61-8B76-E3583D94C233}.Submodule|x86.ActiveCfg = Submodule|Any CPU
		{C856EFD8-E812-4E61-8B76-E3583D94C233}.Submodule|x86.Build.0 = Submodule|Any CPU
		{C856EFD8-E812-4E61-8B76-E3583D94C233}.SubmoduleWindows|Any CPU.ActiveCfg = SubmoduleWindows|Any CPU
		{C856EFD8-E812-4E61-8B76-E3583D94C233}.SubmoduleWindows|Any CPU.Build.0 = SubmoduleWindows|Any CPU
		{C856EFD8-E812-4E61-8B76-E3583D94C233}.SubmoduleWindows|x86.ActiveCfg = SubmoduleWindows|Any CPU
		{C856EFD8-E812-4E61-8B76-E3583D94C233}.SubmoduleWindows|x86.Build.0 = SubmoduleWindows|Any CPU
		{C856EFD8-E812-4E61-8B76-E3583D94C233}.Tests|Any CPU.ActiveCfg = Debug|Any CPU
		{C856EFD8-E812-4E61-8B76-E3583D94C233}.Tests|Any CPU.Build.0 = Debug|Any CPU
		{C856EFD8-E812-4E61-8B76-E3583D94C233}.Tests|x86.ActiveCfg = SubmoduleWindows|Any CPU
		{C856EFD8-E812-4E61-8B76-E3583D94C233}.Tests|x86.Build.0 = SubmoduleWindows|Any CPU
		{0DB86674-2A7B-4BDC-93C1-3F7DC771426C}.Debug|Any CPU.ActiveCfg = Debug|Any CPU
		{0DB86674-2A7B-4BDC-93C1-3F7DC771426C}.Debug|Any CPU.Build.0 = Debug|Any CPU
		{0DB86674-2A7B-4BDC-93C1-3F7DC771426C}.Debug|x86.ActiveCfg = Debug|Any CPU
		{0DB86674-2A7B-4BDC-93C1-3F7DC771426C}.Debug|x86.Build.0 = Debug|Any CPU
		{0DB86674-2A7B-4BDC-93C1-3F7DC771426C}.Release|Any CPU.ActiveCfg = Release|Any CPU
		{0DB86674-2A7B-4BDC-93C1-3F7DC771426C}.Release|Any CPU.Build.0 = Release|Any CPU
		{0DB86674-2A7B-4BDC-93C1-3F7DC771426C}.Release|x86.ActiveCfg = Release|Any CPU
		{0DB86674-2A7B-4BDC-93C1-3F7DC771426C}.Release|x86.Build.0 = Release|Any CPU
		{0DB86674-2A7B-4BDC-93C1-3F7DC771426C}.Submodule|Any CPU.ActiveCfg = Debug|Any CPU
		{0DB86674-2A7B-4BDC-93C1-3F7DC771426C}.Submodule|Any CPU.Build.0 = Debug|Any CPU
		{0DB86674-2A7B-4BDC-93C1-3F7DC771426C}.Submodule|x86.ActiveCfg = Release|Any CPU
		{0DB86674-2A7B-4BDC-93C1-3F7DC771426C}.Submodule|x86.Build.0 = Release|Any CPU
		{0DB86674-2A7B-4BDC-93C1-3F7DC771426C}.SubmoduleWindows|Any CPU.ActiveCfg = Debug|Any CPU
		{0DB86674-2A7B-4BDC-93C1-3F7DC771426C}.SubmoduleWindows|Any CPU.Build.0 = Debug|Any CPU
		{0DB86674-2A7B-4BDC-93C1-3F7DC771426C}.SubmoduleWindows|x86.ActiveCfg = Release|Any CPU
		{0DB86674-2A7B-4BDC-93C1-3F7DC771426C}.SubmoduleWindows|x86.Build.0 = Release|Any CPU
		{0DB86674-2A7B-4BDC-93C1-3F7DC771426C}.Tests|Any CPU.ActiveCfg = Release|Any CPU
		{0DB86674-2A7B-4BDC-93C1-3F7DC771426C}.Tests|Any CPU.Build.0 = Release|Any CPU
		{0DB86674-2A7B-4BDC-93C1-3F7DC771426C}.Tests|x86.ActiveCfg = Release|Any CPU
		{0DB86674-2A7B-4BDC-93C1-3F7DC771426C}.Tests|x86.Build.0 = Release|Any CPU
	EndGlobalSection
	GlobalSection(SolutionProperties) = preSolution
		HideSolutionNode = FALSE
	EndGlobalSection
	GlobalSection(ExtensibilityGlobals) = postSolution
		SolutionGuid = {8E244DF8-9AD5-44EB-8628-666047C86B3E}
	EndGlobalSection
	GlobalSection(MonoDevelopProperties) = preSolution
		Policies = $0
		$0.DotNetNamingPolicy = $1
		$1.DirectoryNamespaceAssociation = None
		$1.ResourceNamePolicy = FileFormatDefault
		$0.TextStylePolicy = $3
		$2.FileWidth = 120
		$2.TabWidth = 2
		$2.inheritsSet = Mono
		$2.inheritsScope = text/plain
		$2.scope = text/plain
		$3.NoTabsAfterNonTabs = True
		$3.inheritsSet = VisualStudio
		$3.inheritsScope = text/plain
		$3.scope = text/x-csharp
		$0.CSharpFormattingPolicy = $4
		$4.inheritsSet = Mono
		$4.inheritsScope = text/x-csharp
		$4.scope = text/x-csharp
		$0.StandardHeader = $5
		$5.Text = 
		$5.IncludeInNewFiles = True
		$0.VersionControlPolicy = $6
		$6.inheritsSet = Mono
		$0.ChangeLogPolicy = $7
		$7.UpdateMode = None
		$7.MessageStyle = $8
		$8.LineAlign = 0
		$7.inheritsSet = Mono
		version = 1.1
	EndGlobalSection
EndGlobal
